
Microsoft Visual Studio Solution File, Format Version 12.00
Project("{FAE04EC0-301F-11D3-BF4B-00C04F79EFBC}") = "rpsls.Domain", "src\rpsls.Domain\rpsls.Domain.csproj", "{586C864D-C380-43CB-8E81-A7BD0A023610}"
EndProject
Project("{FAE04EC0-301F-11D3-BF4B-00C04F79EFBC}") = "rpsls.Application", "src\rpsls.Application\rpsls.Application.csproj", "{012DEA17-AEE2-4EBE-8BB3-6687D18AF03E}"
EndProject
Project("{FAE04EC0-301F-11D3-BF4B-00C04F79EFBC}") = "rpsls.Infrastructure", "src\rpsls.Infrastructure\rpsls.Infrastructure.csproj", "{786AE6DE-D73E-4D89-8EEC-8A20E98AAFB6}"
EndProject
Project("{FAE04EC0-301F-11D3-BF4B-00C04F79EFBC}") = "rpsls.Api", "src\rpsls.Api\rpsls.Api.csproj", "{3DC2A78B-7D00-452D-ACFD-9A020015AA82}"
EndProject
Project("{2150E333-8FDC-42A3-9474-1A3956D46DE8}") = "src", "src", "{B2380C6F-46F0-435F-8793-67CB177D07E3}"
EndProject
Project("{2150E333-8FDC-42A3-9474-1A3956D46DE8}") = "tests", "tests", "{F8E46952-99EF-442F-94A0-17E0F5200688}"
EndProject
Project("{FAE04EC0-301F-11D3-BF4B-00C04F79EFBC}") = "rpsls.Test", "rpsls.Test\rpsls.Test.csproj", "{2A22F088-D338-4067-A183-A707C29701A3}"
EndProject
Global
	GlobalSection(SolutionConfigurationPlatforms) = preSolution
		Debug|Any CPU = Debug|Any CPU
		Debug|x64 = Debug|x64
		Debug|x86 = Debug|x86
		Release|Any CPU = Release|Any CPU
		Release|x64 = Release|x64
		Release|x86 = Release|x86
	EndGlobalSection
	GlobalSection(ProjectConfigurationPlatforms) = postSolution
		{586C864D-C380-43CB-8E81-A7BD0A023610}.Debug|Any CPU.ActiveCfg = Debug|Any CPU
		{586C864D-C380-43CB-8E81-A7BD0A023610}.Debug|Any CPU.Build.0 = Debug|Any CPU
		{586C864D-C380-43CB-8E81-A7BD0A023610}.Debug|x64.ActiveCfg = Debug|Any CPU
		{586C864D-C380-43CB-8E81-A7BD0A023610}.Debug|x64.Build.0 = Debug|Any CPU
		{586C864D-C380-43CB-8E81-A7BD0A023610}.Debug|x86.ActiveCfg = Debug|Any CPU
		{586C864D-C380-43CB-8E81-A7BD0A023610}.Debug|x86.Build.0 = Debug|Any CPU
		{586C864D-C380-43CB-8E81-A7BD0A023610}.Release|Any CPU.ActiveCfg = Release|Any CPU
		{586C864D-C380-43CB-8E81-A7BD0A023610}.Release|Any CPU.Build.0 = Release|Any CPU
		{586C864D-C380-43CB-8E81-A7BD0A023610}.Release|x64.ActiveCfg = Release|Any CPU
		{586C864D-C380-43CB-8E81-A7BD0A023610}.Release|x64.Build.0 = Release|Any CPU
		{586C864D-C380-43CB-8E81-A7BD0A023610}.Release|x86.ActiveCfg = Release|Any CPU
		{586C864D-C380-43CB-8E81-A7BD0A023610}.Release|x86.Build.0 = Release|Any CPU
		{012DEA17-AEE2-4EBE-8BB3-6687D18AF03E}.Debug|Any CPU.ActiveCfg = Debug|Any CPU
		{012DEA17-AEE2-4EBE-8BB3-6687D18AF03E}.Debug|Any CPU.Build.0 = Debug|Any CPU
		{012DEA17-AEE2-4EBE-8BB3-6687D18AF03E}.Debug|x64.ActiveCfg = Debug|Any CPU
		{012DEA17-AEE2-4EBE-8BB3-6687D18AF03E}.Debug|x64.Build.0 = Debug|Any CPU
		{012DEA17-AEE2-4EBE-8BB3-6687D18AF03E}.Debug|x86.ActiveCfg = Debug|Any CPU
		{012DEA17-AEE2-4EBE-8BB3-6687D18AF03E}.Debug|x86.Build.0 = Debug|Any CPU
		{012DEA17-AEE2-4EBE-8BB3-6687D18AF03E}.Release|Any CPU.ActiveCfg = Release|Any CPU
		{012DEA17-AEE2-4EBE-8BB3-6687D18AF03E}.Release|Any CPU.Build.0 = Release|Any CPU
		{012DEA17-AEE2-4EBE-8BB3-6687D18AF03E}.Release|x64.ActiveCfg = Release|Any CPU
		{012DEA17-AEE2-4EBE-8BB3-6687D18AF03E}.Release|x64.Build.0 = Release|Any CPU
		{012DEA17-AEE2-4EBE-8BB3-6687D18AF03E}.Release|x86.ActiveCfg = Release|Any CPU
		{012DEA17-AEE2-4EBE-8BB3-6687D18AF03E}.Release|x86.Build.0 = Release|Any CPU
		{786AE6DE-D73E-4D89-8EEC-8A20E98AAFB6}.Debug|Any CPU.ActiveCfg = Debug|Any CPU
		{786AE6DE-D73E-4D89-8EEC-8A20E98AAFB6}.Debug|Any CPU.Build.0 = Debug|Any CPU
		{786AE6DE-D73E-4D89-8EEC-8A20E98AAFB6}.Debug|x64.ActiveCfg = Debug|Any CPU
		{786AE6DE-D73E-4D89-8EEC-8A20E98AAFB6}.Debug|x64.Build.0 = Debug|Any CPU
		{786AE6DE-D73E-4D89-8EEC-8A20E98AAFB6}.Debug|x86.ActiveCfg = Debug|Any CPU
		{786AE6DE-D73E-4D89-8EEC-8A20E98AAFB6}.Debug|x86.Build.0 = Debug|Any CPU
		{786AE6DE-D73E-4D89-8EEC-8A20E98AAFB6}.Release|Any CPU.ActiveCfg = Release|Any CPU
		{786AE6DE-D73E-4D89-8EEC-8A20E98AAFB6}.Release|Any CPU.Build.0 = Release|Any CPU
		{786AE6DE-D73E-4D89-8EEC-8A20E98AAFB6}.Release|x64.ActiveCfg = Release|Any CPU
		{786AE6DE-D73E-4D89-8EEC-8A20E98AAFB6}.Release|x64.Build.0 = Release|Any CPU
		{786AE6DE-D73E-4D89-8EEC-8A20E98AAFB6}.Release|x86.ActiveCfg = Release|Any CPU
		{786AE6DE-D73E-4D89-8EEC-8A20E98AAFB6}.Release|x86.Build.0 = Release|Any CPU
		{3DC2A78B-7D00-452D-ACFD-9A020015AA82}.Debug|Any CPU.ActiveCfg = Debug|Any CPU
		{3DC2A78B-7D00-452D-ACFD-9A020015AA82}.Debug|Any CPU.Build.0 = Debug|Any CPU
		{3DC2A78B-7D00-452D-ACFD-9A020015AA82}.Debug|x64.ActiveCfg = Debug|Any CPU
		{3DC2A78B-7D00-452D-ACFD-9A020015AA82}.Debug|x64.Build.0 = Debug|Any CPU
		{3DC2A78B-7D00-452D-ACFD-9A020015AA82}.Debug|x86.ActiveCfg = Debug|Any CPU
		{3DC2A78B-7D00-452D-ACFD-9A020015AA82}.Debug|x86.Build.0 = Debug|Any CPU
		{3DC2A78B-7D00-452D-ACFD-9A020015AA82}.Release|Any CPU.ActiveCfg = Release|Any CPU
		{3DC2A78B-7D00-452D-ACFD-9A020015AA82}.Release|Any CPU.Build.0 = Release|Any CPU
		{3DC2A78B-7D00-452D-ACFD-9A020015AA82}.Release|x64.ActiveCfg = Release|Any CPU
		{3DC2A78B-7D00-452D-ACFD-9A020015AA82}.Release|x64.Build.0 = Release|Any CPU
		{3DC2A78B-7D00-452D-ACFD-9A020015AA82}.Release|x86.ActiveCfg = Release|Any CPU
		{3DC2A78B-7D00-452D-ACFD-9A020015AA82}.Release|x86.Build.0 = Release|Any CPU
		{21BBA1FD-320F-4BEF-B6C2-B8AA44AA4BA9}.Debug|Any CPU.ActiveCfg = Debug|Any CPU
		{21BBA1FD-320F-4BEF-B6C2-B8AA44AA4BA9}.Debug|Any CPU.Build.0 = Debug|Any CPU
		{21BBA1FD-320F-4BEF-B6C2-B8AA44AA4BA9}.Debug|x64.ActiveCfg = Debug|Any CPU
		{21BBA1FD-320F-4BEF-B6C2-B8AA44AA4BA9}.Debug|x64.Build.0 = Debug|Any CPU
		{21BBA1FD-320F-4BEF-B6C2-B8AA44AA4BA9}.Debug|x86.ActiveCfg = Debug|Any CPU
		{21BBA1FD-320F-4BEF-B6C2-B8AA44AA4BA9}.Debug|x86.Build.0 = Debug|Any CPU
		{21BBA1FD-320F-4BEF-B6C2-B8AA44AA4BA9}.Release|Any CPU.ActiveCfg = Release|Any CPU
		{21BBA1FD-320F-4BEF-B6C2-B8AA44AA4BA9}.Release|Any CPU.Build.0 = Release|Any CPU
		{21BBA1FD-320F-4BEF-B6C2-B8AA44AA4BA9}.Release|x64.ActiveCfg = Release|Any CPU
		{21BBA1FD-320F-4BEF-B6C2-B8AA44AA4BA9}.Release|x64.Build.0 = Release|Any CPU
		{21BBA1FD-320F-4BEF-B6C2-B8AA44AA4BA9}.Release|x86.ActiveCfg = Release|Any CPU
		{21BBA1FD-320F-4BEF-B6C2-B8AA44AA4BA9}.Release|x86.Build.0 = Release|Any CPU
		{2A22F088-D338-4067-A183-A707C29701A3}.Debug|Any CPU.ActiveCfg = Debug|Any CPU
		{2A22F088-D338-4067-A183-A707C29701A3}.Debug|Any CPU.Build.0 = Debug|Any CPU
		{2A22F088-D338-4067-A183-A707C29701A3}.Debug|x64.ActiveCfg = Debug|Any CPU
		{2A22F088-D338-4067-A183-A707C29701A3}.Debug|x64.Build.0 = Debug|Any CPU
		{2A22F088-D338-4067-A183-A707C29701A3}.Debug|x86.ActiveCfg = Debug|Any CPU
		{2A22F088-D338-4067-A183-A707C29701A3}.Debug|x86.Build.0 = Debug|Any CPU
		{2A22F088-D338-4067-A183-A707C29701A3}.Release|Any CPU.ActiveCfg = Release|Any CPU
		{2A22F088-D338-4067-A183-A707C29701A3}.Release|Any CPU.Build.0 = Release|Any CPU
		{2A22F088-D338-4067-A183-A707C29701A3}.Release|x64.ActiveCfg = Release|Any CPU
		{2A22F088-D338-4067-A183-A707C29701A3}.Release|x64.Build.0 = Release|Any CPU
		{2A22F088-D338-4067-A183-A707C29701A3}.Release|x86.ActiveCfg = Release|Any CPU
		{2A22F088-D338-4067-A183-A707C29701A3}.Release|x86.Build.0 = Release|Any CPU
	EndGlobalSection
	GlobalSection(SolutionProperties) = preSolution
		HideSolutionNode = FALSE
	EndGlobalSection
	GlobalSection(NestedProjects) = preSolution
		{586C864D-C380-43CB-8E81-A7BD0A023610} = {B2380C6F-46F0-435F-8793-67CB177D07E3}
		{012DEA17-AEE2-4EBE-8BB3-6687D18AF03E} = {B2380C6F-46F0-435F-8793-67CB177D07E3}
		{786AE6DE-D73E-4D89-8EEC-8A20E98AAFB6} = {B2380C6F-46F0-435F-8793-67CB177D07E3}
		{3DC2A78B-7D00-452D-ACFD-9A020015AA82} = {B2380C6F-46F0-435F-8793-67CB177D07E3}
		{2A22F088-D338-4067-A183-A707C29701A3} = {F8E46952-99EF-442F-94A0-17E0F5200688}
	EndGlobalSection
EndGlobal
